// !$*UTF8*$!
{
	archiveVersion = 1;
	classes = {
	};
	objectVersion = 50;
	objects = {

/* Begin PBXBuildFile section */
		F12A1FC8208870F6001BC8E7 /* ViperForecast.swift in Sources */ = {isa = PBXBuildFile; fileRef = F12A1FC7208870F6001BC8E7 /* ViperForecast.swift */; };
		F12A1FCB2088AD92001BC8E7 /* DetailsModule.swift in Sources */ = {isa = PBXBuildFile; fileRef = F12A1FCA2088AD92001BC8E7 /* DetailsModule.swift */; };
		F12A1FCD2088B15B001BC8E7 /* DetailsViewController.swift in Sources */ = {isa = PBXBuildFile; fileRef = F12A1FCC2088B15B001BC8E7 /* DetailsViewController.swift */; };
		F12A1FCF2088B203001BC8E7 /* DetailsPresenter.swift in Sources */ = {isa = PBXBuildFile; fileRef = F12A1FCE2088B203001BC8E7 /* DetailsPresenter.swift */; };
		F12A1FD12088B2C3001BC8E7 /* DetailsInteractor.swift in Sources */ = {isa = PBXBuildFile; fileRef = F12A1FD02088B2C3001BC8E7 /* DetailsInteractor.swift */; };
		F12A1FD32088B3D1001BC8E7 /* Details.storyboard in Resources */ = {isa = PBXBuildFile; fileRef = F12A1FD22088B3D1001BC8E7 /* Details.storyboard */; };
		F12A1FDB2089F981001BC8E7 /* AlmanacModule.swift in Sources */ = {isa = PBXBuildFile; fileRef = F12A1FD52089F981001BC8E7 /* AlmanacModule.swift */; };
		F12A1FDC2089F981001BC8E7 /* AlmanacInteractor.swift in Sources */ = {isa = PBXBuildFile; fileRef = F12A1FD62089F981001BC8E7 /* AlmanacInteractor.swift */; };
		F12A1FDD2089F981001BC8E7 /* Almanac.storyboard in Resources */ = {isa = PBXBuildFile; fileRef = F12A1FD72089F981001BC8E7 /* Almanac.storyboard */; };
		F12A1FDE2089F981001BC8E7 /* AlmanacPresenter.swift in Sources */ = {isa = PBXBuildFile; fileRef = F12A1FD82089F981001BC8E7 /* AlmanacPresenter.swift */; };
		F12A1FDF2089F981001BC8E7 /* AlmanacRouter.swift in Sources */ = {isa = PBXBuildFile; fileRef = F12A1FD92089F981001BC8E7 /* AlmanacRouter.swift */; };
		F12A1FE02089F981001BC8E7 /* AlmanacViewController.swift in Sources */ = {isa = PBXBuildFile; fileRef = F12A1FDA2089F981001BC8E7 /* AlmanacViewController.swift */; };
		F15A34FB2084A80A00C33512 /* DetailsRouter.swift in Sources */ = {isa = PBXBuildFile; fileRef = F15A34FA2084A80A00C33512 /* DetailsRouter.swift */; };
		F184999A2083F9010098822C /* AppDelegate.swift in Sources */ = {isa = PBXBuildFile; fileRef = F18499992083F9010098822C /* AppDelegate.swift */; };
		F18499A12083F9020098822C /* Assets.xcassets in Resources */ = {isa = PBXBuildFile; fileRef = F18499A02083F9020098822C /* Assets.xcassets */; };
		F18499A42083F9020098822C /* LaunchScreen.storyboard in Resources */ = {isa = PBXBuildFile; fileRef = F18499A22083F9020098822C /* LaunchScreen.storyboard */; };
		F18499AF2083F9020098822C /* ViperWeatherTests.swift in Sources */ = {isa = PBXBuildFile; fileRef = F18499AE2083F9020098822C /* ViperWeatherTests.swift */; };
		F18499BB2083F9360098822C /* ForecastViewController.swift in Sources */ = {isa = PBXBuildFile; fileRef = F18499BA2083F9360098822C /* ForecastViewController.swift */; };
		F18499BD2083F9990098822C /* DarkSkyForecast.swift in Sources */ = {isa = PBXBuildFile; fileRef = F18499BC2083F9990098822C /* DarkSkyForecast.swift */; };
		F18499BF2083FAA70098822C /* ForecastPresenter.swift in Sources */ = {isa = PBXBuildFile; fileRef = F18499BE2083FAA70098822C /* ForecastPresenter.swift */; };
		F18499C12083FBAA0098822C /* ForecastInteractor.swift in Sources */ = {isa = PBXBuildFile; fileRef = F18499C02083FBAA0098822C /* ForecastInteractor.swift */; };
		F18499C4208404120098822C /* ForecastRouter.swift in Sources */ = {isa = PBXBuildFile; fileRef = F18499C3208404120098822C /* ForecastRouter.swift */; };
		F18499C8208496140098822C /* RootRouter.swift in Sources */ = {isa = PBXBuildFile; fileRef = F18499C7208496140098822C /* RootRouter.swift */; };
		F185EB382086614F007FD8AD /* ForecastModule.swift in Sources */ = {isa = PBXBuildFile; fileRef = F185EB372086614F007FD8AD /* ForecastModule.swift */; };
		F185EB3B20872618007FD8AD /* DarkSkyAPI.swift in Sources */ = {isa = PBXBuildFile; fileRef = F185EB3A20872618007FD8AD /* DarkSkyAPI.swift */; };
		F185EB3D2087305F007FD8AD /* Location.swift in Sources */ = {isa = PBXBuildFile; fileRef = F185EB3C2087305F007FD8AD /* Location.swift */; };
		F185EB3F2087569B007FD8AD /* DarkSkyDataPoint.swift in Sources */ = {isa = PBXBuildFile; fileRef = F185EB3E2087569A007FD8AD /* DarkSkyDataPoint.swift */; };
		F185EB41208756A2007FD8AD /* DarkSkyDataBlock.swift in Sources */ = {isa = PBXBuildFile; fileRef = F185EB40208756A2007FD8AD /* DarkSkyDataBlock.swift */; };
		F185EB43208756AD007FD8AD /* DarkSkyAlert.swift in Sources */ = {isa = PBXBuildFile; fileRef = F185EB42208756AD007FD8AD /* DarkSkyAlert.swift */; };
		F185EB45208756B3007FD8AD /* DarkSkyFlags.swift in Sources */ = {isa = PBXBuildFile; fileRef = F185EB44208756B3007FD8AD /* DarkSkyFlags.swift */; };
		F1FA082A208532AE008920F9 /* Forecast.storyboard in Resources */ = {isa = PBXBuildFile; fileRef = F1FA0829208532AE008920F9 /* Forecast.storyboard */; };
/* End PBXBuildFile section */

/* Begin PBXContainerItemProxy section */
		F18499AB2083F9020098822C /* PBXContainerItemProxy */ = {
			isa = PBXContainerItemProxy;
			containerPortal = F184998E2083F9000098822C /* Project object */;
			proxyType = 1;
			remoteGlobalIDString = F18499952083F9010098822C;
			remoteInfo = ViperWeather;
		};
/* End PBXContainerItemProxy section */

/* Begin PBXFileReference section */
		F12A1FC7208870F6001BC8E7 /* ViperForecast.swift */ = {isa = PBXFileReference; lastKnownFileType = sourcecode.swift; path = ViperForecast.swift; sourceTree = "<group>"; };
		F12A1FCA2088AD92001BC8E7 /* DetailsModule.swift */ = {isa = PBXFileReference; lastKnownFileType = sourcecode.swift; path = DetailsModule.swift; sourceTree = "<group>"; };
		F12A1FCC2088B15B001BC8E7 /* DetailsViewController.swift */ = {isa = PBXFileReference; lastKnownFileType = sourcecode.swift; path = DetailsViewController.swift; sourceTree = "<group>"; };
		F12A1FCE2088B203001BC8E7 /* DetailsPresenter.swift */ = {isa = PBXFileReference; lastKnownFileType = sourcecode.swift; path = DetailsPresenter.swift; sourceTree = "<group>"; };
		F12A1FD02088B2C3001BC8E7 /* DetailsInteractor.swift */ = {isa = PBXFileReference; lastKnownFileType = sourcecode.swift; path = DetailsInteractor.swift; sourceTree = "<group>"; };
		F12A1FD22088B3D1001BC8E7 /* Details.storyboard */ = {isa = PBXFileReference; lastKnownFileType = file.storyboard; path = Details.storyboard; sourceTree = "<group>"; };
		F12A1FD52089F981001BC8E7 /* AlmanacModule.swift */ = {isa = PBXFileReference; fileEncoding = 4; lastKnownFileType = sourcecode.swift; path = AlmanacModule.swift; sourceTree = "<group>"; };
		F12A1FD62089F981001BC8E7 /* AlmanacInteractor.swift */ = {isa = PBXFileReference; fileEncoding = 4; lastKnownFileType = sourcecode.swift; path = AlmanacInteractor.swift; sourceTree = "<group>"; };
		F12A1FD72089F981001BC8E7 /* Almanac.storyboard */ = {isa = PBXFileReference; fileEncoding = 4; lastKnownFileType = file.storyboard; path = Almanac.storyboard; sourceTree = "<group>"; };
		F12A1FD82089F981001BC8E7 /* AlmanacPresenter.swift */ = {isa = PBXFileReference; fileEncoding = 4; lastKnownFileType = sourcecode.swift; path = AlmanacPresenter.swift; sourceTree = "<group>"; };
		F12A1FD92089F981001BC8E7 /* AlmanacRouter.swift */ = {isa = PBXFileReference; fileEncoding = 4; lastKnownFileType = sourcecode.swift; path = AlmanacRouter.swift; sourceTree = "<group>"; };
		F12A1FDA2089F981001BC8E7 /* AlmanacViewController.swift */ = {isa = PBXFileReference; fileEncoding = 4; lastKnownFileType = sourcecode.swift; path = AlmanacViewController.swift; sourceTree = "<group>"; };
		F15A34FA2084A80A00C33512 /* DetailsRouter.swift */ = {isa = PBXFileReference; lastKnownFileType = sourcecode.swift; path = DetailsRouter.swift; sourceTree = "<group>"; };
		F18499962083F9010098822C /* ViperWeather.app */ = {isa = PBXFileReference; explicitFileType = wrapper.application; includeInIndex = 0; path = ViperWeather.app; sourceTree = BUILT_PRODUCTS_DIR; };
		F18499992083F9010098822C /* AppDelegate.swift */ = {isa = PBXFileReference; lastKnownFileType = sourcecode.swift; path = AppDelegate.swift; sourceTree = "<group>"; };
		F18499A02083F9020098822C /* Assets.xcassets */ = {isa = PBXFileReference; lastKnownFileType = folder.assetcatalog; path = Assets.xcassets; sourceTree = "<group>"; };
		F18499A32083F9020098822C /* Base */ = {isa = PBXFileReference; lastKnownFileType = file.storyboard; name = Base; path = Base.lproj/LaunchScreen.storyboard; sourceTree = "<group>"; };
		F18499A52083F9020098822C /* Info.plist */ = {isa = PBXFileReference; lastKnownFileType = text.plist.xml; path = Info.plist; sourceTree = "<group>"; };
		F18499AA2083F9020098822C /* ViperWeatherTests.xctest */ = {isa = PBXFileReference; explicitFileType = wrapper.cfbundle; includeInIndex = 0; path = ViperWeatherTests.xctest; sourceTree = BUILT_PRODUCTS_DIR; };
		F18499AE2083F9020098822C /* ViperWeatherTests.swift */ = {isa = PBXFileReference; lastKnownFileType = sourcecode.swift; path = ViperWeatherTests.swift; sourceTree = "<group>"; };
		F18499B02083F9020098822C /* Info.plist */ = {isa = PBXFileReference; lastKnownFileType = text.plist.xml; path = Info.plist; sourceTree = "<group>"; };
		F18499BA2083F9360098822C /* ForecastViewController.swift */ = {isa = PBXFileReference; lastKnownFileType = sourcecode.swift; path = ForecastViewController.swift; sourceTree = "<group>"; };
		F18499BC2083F9990098822C /* DarkSkyForecast.swift */ = {isa = PBXFileReference; lastKnownFileType = sourcecode.swift; path = DarkSkyForecast.swift; sourceTree = "<group>"; };
		F18499BE2083FAA70098822C /* ForecastPresenter.swift */ = {isa = PBXFileReference; lastKnownFileType = sourcecode.swift; path = ForecastPresenter.swift; sourceTree = "<group>"; };
		F18499C02083FBAA0098822C /* ForecastInteractor.swift */ = {isa = PBXFileReference; lastKnownFileType = sourcecode.swift; path = ForecastInteractor.swift; sourceTree = "<group>"; };
		F18499C3208404120098822C /* ForecastRouter.swift */ = {isa = PBXFileReference; lastKnownFileType = sourcecode.swift; path = ForecastRouter.swift; sourceTree = "<group>"; };
		F18499C7208496140098822C /* RootRouter.swift */ = {isa = PBXFileReference; lastKnownFileType = sourcecode.swift; path = RootRouter.swift; sourceTree = "<group>"; };
		F185EB372086614F007FD8AD /* ForecastModule.swift */ = {isa = PBXFileReference; lastKnownFileType = sourcecode.swift; path = ForecastModule.swift; sourceTree = "<group>"; };
		F185EB3A20872618007FD8AD /* DarkSkyAPI.swift */ = {isa = PBXFileReference; lastKnownFileType = sourcecode.swift; path = DarkSkyAPI.swift; sourceTree = "<group>"; };
		F185EB3C2087305F007FD8AD /* Location.swift */ = {isa = PBXFileReference; lastKnownFileType = sourcecode.swift; path = Location.swift; sourceTree = "<group>"; };
		F185EB3E2087569A007FD8AD /* DarkSkyDataPoint.swift */ = {isa = PBXFileReference; fileEncoding = 4; lastKnownFileType = sourcecode.swift; path = DarkSkyDataPoint.swift; sourceTree = "<group>"; };
		F185EB40208756A2007FD8AD /* DarkSkyDataBlock.swift */ = {isa = PBXFileReference; fileEncoding = 4; lastKnownFileType = sourcecode.swift; path = DarkSkyDataBlock.swift; sourceTree = "<group>"; };
		F185EB42208756AD007FD8AD /* DarkSkyAlert.swift */ = {isa = PBXFileReference; fileEncoding = 4; lastKnownFileType = sourcecode.swift; path = DarkSkyAlert.swift; sourceTree = "<group>"; };
		F185EB44208756B3007FD8AD /* DarkSkyFlags.swift */ = {isa = PBXFileReference; fileEncoding = 4; lastKnownFileType = sourcecode.swift; path = DarkSkyFlags.swift; sourceTree = "<group>"; };
		F1FA0829208532AE008920F9 /* Forecast.storyboard */ = {isa = PBXFileReference; lastKnownFileType = file.storyboard; path = Forecast.storyboard; sourceTree = "<group>"; };
/* End PBXFileReference section */

/* Begin PBXFrameworksBuildPhase section */
		F18499932083F9010098822C /* Frameworks */ = {
			isa = PBXFrameworksBuildPhase;
			buildActionMask = 2147483647;
			files = (
			);
			runOnlyForDeploymentPostprocessing = 0;
		};
		F18499A72083F9020098822C /* Frameworks */ = {
			isa = PBXFrameworksBuildPhase;
			buildActionMask = 2147483647;
			files = (
			);
			runOnlyForDeploymentPostprocessing = 0;
		};
/* End PBXFrameworksBuildPhase section */

/* Begin PBXGroup section */
		F12A1FC920887106001BC8E7 /* DarkSky */ = {
			isa = PBXGroup;
			children = (
				F185EB3A20872618007FD8AD /* DarkSkyAPI.swift */,
				F18499BC2083F9990098822C /* DarkSkyForecast.swift */,
				F185EB3E2087569A007FD8AD /* DarkSkyDataPoint.swift */,
				F185EB40208756A2007FD8AD /* DarkSkyDataBlock.swift */,
				F185EB42208756AD007FD8AD /* DarkSkyAlert.swift */,
				F185EB44208756B3007FD8AD /* DarkSkyFlags.swift */,
			);
			path = DarkSky;
			sourceTree = "<group>";
		};
		F12A1FD42089F8EF001BC8E7 /* Almanac Module */ = {
			isa = PBXGroup;
			children = (
				F12A1FD52089F981001BC8E7 /* AlmanacModule.swift */,
				F12A1FD92089F981001BC8E7 /* AlmanacRouter.swift */,
				F12A1FD62089F981001BC8E7 /* AlmanacInteractor.swift */,
				F12A1FD82089F981001BC8E7 /* AlmanacPresenter.swift */,
				F12A1FDA2089F981001BC8E7 /* AlmanacViewController.swift */,
				F12A1FD72089F981001BC8E7 /* Almanac.storyboard */,
			);
			path = "Almanac Module";
			sourceTree = "<group>";
		};
		F15A34F92084A7F100C33512 /* Details Module */ = {
			isa = PBXGroup;
			children = (
				F12A1FCA2088AD92001BC8E7 /* DetailsModule.swift */,
				F15A34FA2084A80A00C33512 /* DetailsRouter.swift */,
				F12A1FD02088B2C3001BC8E7 /* DetailsInteractor.swift */,
				F12A1FCE2088B203001BC8E7 /* DetailsPresenter.swift */,
				F12A1FCC2088B15B001BC8E7 /* DetailsViewController.swift */,
				F12A1FD22088B3D1001BC8E7 /* Details.storyboard */,
			);
			path = "Details Module";
			sourceTree = "<group>";
		};
		F184998D2083F9000098822C = {
			isa = PBXGroup;
			children = (
				F18499982083F9010098822C /* ViperWeather */,
				F18499AD2083F9020098822C /* ViperWeatherTests */,
				F18499972083F9010098822C /* Products */,
			);
			sourceTree = "<group>";
		};
		F18499972083F9010098822C /* Products */ = {
			isa = PBXGroup;
			children = (
				F18499962083F9010098822C /* ViperWeather.app */,
				F18499AA2083F9020098822C /* ViperWeatherTests.xctest */,
			);
			name = Products;
			sourceTree = "<group>";
		};
		F18499982083F9010098822C /* ViperWeather */ = {
			isa = PBXGroup;
			children = (
				F18499992083F9010098822C /* AppDelegate.swift */,
				F18499C6208495D00098822C /* Root */,
				F12A1FD42089F8EF001BC8E7 /* Almanac Module */,
				F15A34F92084A7F100C33512 /* Details Module */,
				F18499B92083F90F0098822C /* Forecast Module */,
				F18499C5208494010098822C /* Entities */,
				F185EB39208725EE007FD8AD /* Network APIs */,
				F18499A02083F9020098822C /* Assets.xcassets */,
				F18499A22083F9020098822C /* LaunchScreen.storyboard */,
				F18499A52083F9020098822C /* Info.plist */,
			);
			path = ViperWeather;
			sourceTree = "<group>";
		};
		F18499AD2083F9020098822C /* ViperWeatherTests */ = {
			isa = PBXGroup;
			children = (
				F18499AE2083F9020098822C /* ViperWeatherTests.swift */,
				F18499B02083F9020098822C /* Info.plist */,
			);
			path = ViperWeatherTests;
			sourceTree = "<group>";
		};
		F18499B92083F90F0098822C /* Forecast Module */ = {
			isa = PBXGroup;
			children = (
				F185EB372086614F007FD8AD /* ForecastModule.swift */,
				F18499C3208404120098822C /* ForecastRouter.swift */,
				F18499C02083FBAA0098822C /* ForecastInteractor.swift */,
				F18499BE2083FAA70098822C /* ForecastPresenter.swift */,
				F18499BA2083F9360098822C /* ForecastViewController.swift */,
				F1FA0829208532AE008920F9 /* Forecast.storyboard */,
			);
			path = "Forecast Module";
			sourceTree = "<group>";
		};
		F18499C5208494010098822C /* Entities */ = {
			isa = PBXGroup;
			children = (
				F185EB3C2087305F007FD8AD /* Location.swift */,
				F12A1FC7208870F6001BC8E7 /* ViperForecast.swift */,
			);
			path = Entities;
			sourceTree = "<group>";
		};
		F18499C6208495D00098822C /* Root */ = {
			isa = PBXGroup;
			children = (
				F18499C7208496140098822C /* RootRouter.swift */,
			);
			path = Root;
			sourceTree = "<group>";
		};
		F185EB39208725EE007FD8AD /* Network APIs */ = {
			isa = PBXGroup;
			children = (
				F12A1FC920887106001BC8E7 /* DarkSky */,
			);
			path = "Network APIs";
			sourceTree = "<group>";
		};
/* End PBXGroup section */

/* Begin PBXNativeTarget section */
		F18499952083F9010098822C /* ViperWeather */ = {
			isa = PBXNativeTarget;
			buildConfigurationList = F18499B32083F9020098822C /* Build configuration list for PBXNativeTarget "ViperWeather" */;
			buildPhases = (
				F18499922083F9010098822C /* Sources */,
				F18499932083F9010098822C /* Frameworks */,
				F18499942083F9010098822C /* Resources */,
				F18499C22083FF8E0098822C /* ShellScript */,
			);
			buildRules = (
			);
			dependencies = (
			);
			name = ViperWeather;
			productName = ViperWeather;
			productReference = F18499962083F9010098822C /* ViperWeather.app */;
			productType = "com.apple.product-type.application";
		};
		F18499A92083F9020098822C /* ViperWeatherTests */ = {
			isa = PBXNativeTarget;
			buildConfigurationList = F18499B62083F9020098822C /* Build configuration list for PBXNativeTarget "ViperWeatherTests" */;
			buildPhases = (
				F18499A62083F9020098822C /* Sources */,
				F18499A72083F9020098822C /* Frameworks */,
				F18499A82083F9020098822C /* Resources */,
			);
			buildRules = (
			);
			dependencies = (
				F18499AC2083F9020098822C /* PBXTargetDependency */,
			);
			name = ViperWeatherTests;
			productName = ViperWeatherTests;
			productReference = F18499AA2083F9020098822C /* ViperWeatherTests.xctest */;
			productType = "com.apple.product-type.bundle.unit-test";
		};
/* End PBXNativeTarget section */

/* Begin PBXProject section */
		F184998E2083F9000098822C /* Project object */ = {
			isa = PBXProject;
			attributes = {
				LastSwiftUpdateCheck = 0930;
				LastUpgradeCheck = 0930;
				ORGANIZATIONNAME = "Vincent O'Sullivan";
				TargetAttributes = {
					F18499952083F9010098822C = {
						CreatedOnToolsVersion = 9.3;
					};
					F18499A92083F9020098822C = {
						CreatedOnToolsVersion = 9.3;
						TestTargetID = F18499952083F9010098822C;
					};
				};
			};
			buildConfigurationList = F18499912083F9000098822C /* Build configuration list for PBXProject "ViperWeather" */;
			compatibilityVersion = "Xcode 9.3";
			developmentRegion = en;
			hasScannedForEncodings = 0;
			knownRegions = (
				en,
				Base,
			);
			mainGroup = F184998D2083F9000098822C;
			productRefGroup = F18499972083F9010098822C /* Products */;
			projectDirPath = "";
			projectRoot = "";
			targets = (
				F18499952083F9010098822C /* ViperWeather */,
				F18499A92083F9020098822C /* ViperWeatherTests */,
			);
		};
/* End PBXProject section */

/* Begin PBXResourcesBuildPhase section */
		F18499942083F9010098822C /* Resources */ = {
			isa = PBXResourcesBuildPhase;
			buildActionMask = 2147483647;
			files = (
				F18499A42083F9020098822C /* LaunchScreen.storyboard in Resources */,
				F1FA082A208532AE008920F9 /* Forecast.storyboard in Resources */,
				F18499A12083F9020098822C /* Assets.xcassets in Resources */,
				F12A1FDD2089F981001BC8E7 /* Almanac.storyboard in Resources */,
				F12A1FD32088B3D1001BC8E7 /* Details.storyboard in Resources */,
			);
			runOnlyForDeploymentPostprocessing = 0;
		};
		F18499A82083F9020098822C /* Resources */ = {
			isa = PBXResourcesBuildPhase;
			buildActionMask = 2147483647;
			files = (
			);
			runOnlyForDeploymentPostprocessing = 0;
		};
/* End PBXResourcesBuildPhase section */

/* Begin PBXShellScriptBuildPhase section */
		F18499C22083FF8E0098822C /* ShellScript */ = {
			isa = PBXShellScriptBuildPhase;
			buildActionMask = 2147483647;
			files = (
			);
			inputPaths = (
			);
			outputPaths = (
			);
			runOnlyForDeploymentPostprocessing = 0;
			shellPath = /bin/sh;
			shellScript = "TAGS=\"TODO:|FIXME:\"\necho \"searching ${SRCROOT} for ${TAGS}\"\nfind \"${SRCROOT}\" \\( -name \"*.swift\" \\) -print0 | xargs -0 egrep --with-filename --line-number --only-matching \"($TAGS).*\\$\" | perl -p -e \"s/($TAGS)/ warning: \\$1/\"";
		};
/* End PBXShellScriptBuildPhase section */

/* Begin PBXSourcesBuildPhase section */
		F18499922083F9010098822C /* Sources */ = {
			isa = PBXSourcesBuildPhase;
			buildActionMask = 2147483647;
			files = (
				F12A1FCB2088AD92001BC8E7 /* DetailsModule.swift in Sources */,
				F12A1FD12088B2C3001BC8E7 /* DetailsInteractor.swift in Sources */,
				F185EB41208756A2007FD8AD /* DarkSkyDataBlock.swift in Sources */,
				F18499C8208496140098822C /* RootRouter.swift in Sources */,
				F12A1FDF2089F981001BC8E7 /* AlmanacRouter.swift in Sources */,
				F18499BF2083FAA70098822C /* ForecastPresenter.swift in Sources */,
				F18499BD2083F9990098822C /* DarkSkyForecast.swift in Sources */,
				F12A1FE02089F981001BC8E7 /* AlmanacViewController.swift in Sources */,
				F12A1FDB2089F981001BC8E7 /* AlmanacModule.swift in Sources */,
				F18499BB2083F9360098822C /* ForecastViewController.swift in Sources */,
				F12A1FCF2088B203001BC8E7 /* DetailsPresenter.swift in Sources */,
				F185EB3D2087305F007FD8AD /* Location.swift in Sources */,
				F185EB45208756B3007FD8AD /* DarkSkyFlags.swift in Sources */,
				F185EB43208756AD007FD8AD /* DarkSkyAlert.swift in Sources */,
				F12A1FDE2089F981001BC8E7 /* AlmanacPresenter.swift in Sources */,
				F185EB3F2087569B007FD8AD /* DarkSkyDataPoint.swift in Sources */,
				F18499C4208404120098822C /* ForecastRouter.swift in Sources */,
				F185EB382086614F007FD8AD /* ForecastModule.swift in Sources */,
				F12A1FCD2088B15B001BC8E7 /* DetailsViewController.swift in Sources */,
				F184999A2083F9010098822C /* AppDelegate.swift in Sources */,
				F185EB3B20872618007FD8AD /* DarkSkyAPI.swift in Sources */,
				F12A1FDC2089F981001BC8E7 /* AlmanacInteractor.swift in Sources */,
				F12A1FC8208870F6001BC8E7 /* ViperForecast.swift in Sources */,
				F15A34FB2084A80A00C33512 /* DetailsRouter.swift in Sources */,
				F18499C12083FBAA0098822C /* ForecastInteractor.swift in Sources */,
			);
			runOnlyForDeploymentPostprocessing = 0;
		};
		F18499A62083F9020098822C /* Sources */ = {
			isa = PBXSourcesBuildPhase;
			buildActionMask = 2147483647;
			files = (
				F18499AF2083F9020098822C /* ViperWeatherTests.swift in Sources */,
			);
			runOnlyForDeploymentPostprocessing = 0;
		};
/* End PBXSourcesBuildPhase section */

/* Begin PBXTargetDependency section */
		F18499AC2083F9020098822C /* PBXTargetDependency */ = {
			isa = PBXTargetDependency;
			target = F18499952083F9010098822C /* ViperWeather */;
			targetProxy = F18499AB2083F9020098822C /* PBXContainerItemProxy */;
		};
/* End PBXTargetDependency section */

/* Begin PBXVariantGroup section */
		F18499A22083F9020098822C /* LaunchScreen.storyboard */ = {
			isa = PBXVariantGroup;
			children = (
				F18499A32083F9020098822C /* Base */,
			);
			name = LaunchScreen.storyboard;
			sourceTree = "<group>";
		};
/* End PBXVariantGroup section */

/* Begin XCBuildConfiguration section */
		F18499B12083F9020098822C /* Debug */ = {
			isa = XCBuildConfiguration;
			buildSettings = {
				ALWAYS_SEARCH_USER_PATHS = NO;
				CLANG_ANALYZER_NONNULL = YES;
				CLANG_ANALYZER_NUMBER_OBJECT_CONVERSION = YES_AGGRESSIVE;
				CLANG_CXX_LANGUAGE_STANDARD = "gnu++14";
				CLANG_CXX_LIBRARY = "libc++";
				CLANG_ENABLE_MODULES = YES;
				CLANG_ENABLE_OBJC_ARC = YES;
				CLANG_ENABLE_OBJC_WEAK = YES;
				CLANG_WARN_BLOCK_CAPTURE_AUTORELEASING = YES;
				CLANG_WARN_BOOL_CONVERSION = YES;
				CLANG_WARN_COMMA = YES;
				CLANG_WARN_CONSTANT_CONVERSION = YES;
				CLANG_WARN_DEPRECATED_OBJC_IMPLEMENTATIONS = YES;
				CLANG_WARN_DIRECT_OBJC_ISA_USAGE = YES_ERROR;
				CLANG_WARN_DOCUMENTATION_COMMENTS = YES;
				CLANG_WARN_EMPTY_BODY = YES;
				CLANG_WARN_ENUM_CONVERSION = YES;
				CLANG_WARN_INFINITE_RECURSION = YES;
				CLANG_WARN_INT_CONVERSION = YES;
				CLANG_WARN_NON_LITERAL_NULL_CONVERSION = YES;
				CLANG_WARN_OBJC_IMPLICIT_RETAIN_SELF = YES;
				CLANG_WARN_OBJC_LITERAL_CONVERSION = YES;
				CLANG_WARN_OBJC_ROOT_CLASS = YES_ERROR;
				CLANG_WARN_RANGE_LOOP_ANALYSIS = YES;
				CLANG_WARN_STRICT_PROTOTYPES = YES;
				CLANG_WARN_SUSPICIOUS_MOVE = YES;
				CLANG_WARN_UNGUARDED_AVAILABILITY = YES_AGGRESSIVE;
				CLANG_WARN_UNREACHABLE_CODE = YES;
				CLANG_WARN__DUPLICATE_METHOD_MATCH = YES;
				CODE_SIGN_IDENTITY = "iPhone Developer";
				COPY_PHASE_STRIP = NO;
				DEBUG_INFORMATION_FORMAT = dwarf;
				ENABLE_STRICT_OBJC_MSGSEND = YES;
				ENABLE_TESTABILITY = YES;
				GCC_C_LANGUAGE_STANDARD = gnu11;
				GCC_DYNAMIC_NO_PIC = NO;
				GCC_NO_COMMON_BLOCKS = YES;
				GCC_OPTIMIZATION_LEVEL = 0;
				GCC_PREPROCESSOR_DEFINITIONS = (
					"DEBUG=1",
					"$(inherited)",
				);
				GCC_WARN_64_TO_32_BIT_CONVERSION = YES;
				GCC_WARN_ABOUT_RETURN_TYPE = YES_ERROR;
				GCC_WARN_UNDECLARED_SELECTOR = YES;
				GCC_WARN_UNINITIALIZED_AUTOS = YES_AGGRESSIVE;
				GCC_WARN_UNUSED_FUNCTION = YES;
				GCC_WARN_UNUSED_VARIABLE = YES;
				IPHONEOS_DEPLOYMENT_TARGET = 11.3;
				MTL_ENABLE_DEBUG_INFO = YES;
				ONLY_ACTIVE_ARCH = YES;
				SDKROOT = iphoneos;
				SWIFT_ACTIVE_COMPILATION_CONDITIONS = DEBUG;
				SWIFT_OPTIMIZATION_LEVEL = "-Onone";
			};
			name = Debug;
		};
		F18499B22083F9020098822C /* Release */ = {
			isa = XCBuildConfiguration;
			buildSettings = {
				ALWAYS_SEARCH_USER_PATHS = NO;
				CLANG_ANALYZER_NONNULL = YES;
				CLANG_ANALYZER_NUMBER_OBJECT_CONVERSION = YES_AGGRESSIVE;
				CLANG_CXX_LANGUAGE_STANDARD = "gnu++14";
				CLANG_CXX_LIBRARY = "libc++";
				CLANG_ENABLE_MODULES = YES;
				CLANG_ENABLE_OBJC_ARC = YES;
				CLANG_ENABLE_OBJC_WEAK = YES;
				CLANG_WARN_BLOCK_CAPTURE_AUTORELEASING = YES;
				CLANG_WARN_BOOL_CONVERSION = YES;
				CLANG_WARN_COMMA = YES;
				CLANG_WARN_CONSTANT_CONVERSION = YES;
				CLANG_WARN_DEPRECATED_OBJC_IMPLEMENTATIONS = YES;
				CLANG_WARN_DIRECT_OBJC_ISA_USAGE = YES_ERROR;
				CLANG_WARN_DOCUMENTATION_COMMENTS = YES;
				CLANG_WARN_EMPTY_BODY = YES;
				CLANG_WARN_ENUM_CONVERSION = YES;
				CLANG_WARN_INFINITE_RECURSION = YES;
				CLANG_WARN_INT_CONVERSION = YES;
				CLANG_WARN_NON_LITERAL_NULL_CONVERSION = YES;
				CLANG_WARN_OBJC_IMPLICIT_RETAIN_SELF = YES;
				CLANG_WARN_OBJC_LITERAL_CONVERSION = YES;
				CLANG_WARN_OBJC_ROOT_CLASS = YES_ERROR;
				CLANG_WARN_RANGE_LOOP_ANALYSIS = YES;
				CLANG_WARN_STRICT_PROTOTYPES = YES;
				CLANG_WARN_SUSPICIOUS_MOVE = YES;
				CLANG_WARN_UNGUARDED_AVAILABILITY = YES_AGGRESSIVE;
				CLANG_WARN_UNREACHABLE_CODE = YES;
				CLANG_WARN__DUPLICATE_METHOD_MATCH = YES;
				CODE_SIGN_IDENTITY = "iPhone Developer";
				COPY_PHASE_STRIP = NO;
				DEBUG_INFORMATION_FORMAT = "dwarf-with-dsym";
				ENABLE_NS_ASSERTIONS = NO;
				ENABLE_STRICT_OBJC_MSGSEND = YES;
				GCC_C_LANGUAGE_STANDARD = gnu11;
				GCC_NO_COMMON_BLOCKS = YES;
				GCC_WARN_64_TO_32_BIT_CONVERSION = YES;
				GCC_WARN_ABOUT_RETURN_TYPE = YES_ERROR;
				GCC_WARN_UNDECLARED_SELECTOR = YES;
				GCC_WARN_UNINITIALIZED_AUTOS = YES_AGGRESSIVE;
				GCC_WARN_UNUSED_FUNCTION = YES;
				GCC_WARN_UNUSED_VARIABLE = YES;
				IPHONEOS_DEPLOYMENT_TARGET = 11.3;
				MTL_ENABLE_DEBUG_INFO = NO;
				SDKROOT = iphoneos;
				SWIFT_COMPILATION_MODE = wholemodule;
				SWIFT_OPTIMIZATION_LEVEL = "-O";
				VALIDATE_PRODUCT = YES;
			};
			name = Release;
		};
		F18499B42083F9020098822C /* Debug */ = {
			isa = XCBuildConfiguration;
			buildSettings = {
				ASSETCATALOG_COMPILER_APPICON_NAME = AppIcon;
				CODE_SIGN_STYLE = Automatic;
				DEVELOPMENT_TEAM = 27QRRWZMS6;
				INFOPLIST_FILE = ViperWeather/Info.plist;
				LD_RUNPATH_SEARCH_PATHS = (
					"$(inherited)",
					"@executable_path/Frameworks",
				);
				PRODUCT_BUNDLE_IDENTIFIER = com.vjosullivan.ViperWeather;
				PRODUCT_NAME = "$(TARGET_NAME)";
				SWIFT_VERSION = 4.0;
				TARGETED_DEVICE_FAMILY = "1,2";
			};
			name = Debug;
		};
		F18499B52083F9020098822C /* Release */ = {
			isa = XCBuildConfiguration;
			buildSettings = {
				ASSETCATALOG_COMPILER_APPICON_NAME = AppIcon;
				CODE_SIGN_STYLE = Automatic;
				DEVELOPMENT_TEAM = 27QRRWZMS6;
				INFOPLIST_FILE = ViperWeather/Info.plist;
				LD_RUNPATH_SEARCH_PATHS = (
					"$(inherited)",
					"@executable_path/Frameworks",
				);
				PRODUCT_BUNDLE_IDENTIFIER = com.vjosullivan.ViperWeather;
				PRODUCT_NAME = "$(TARGET_NAME)";
				SWIFT_VERSION = 4.0;
				TARGETED_DEVICE_FAMILY = "1,2";
			};
			name = Release;
		};
		F18499B72083F9020098822C /* Debug */ = {
			isa = XCBuildConfiguration;
			buildSettings = {
				ALWAYS_EMBED_SWIFT_STANDARD_LIBRARIES = YES;
				BUNDLE_LOADER = "$(TEST_HOST)";
				CODE_SIGN_STYLE = Automatic;
				DEVELOPMENT_TEAM = 27QRRWZMS6;
				INFOPLIST_FILE = ViperWeatherTests/Info.plist;
				LD_RUNPATH_SEARCH_PATHS = (
					"$(inherited)",
					"@executable_path/Frameworks",
					"@loader_path/Frameworks",
				);
				PRODUCT_BUNDLE_IDENTIFIER = com.vjosullivan.ViperWeatherTests;
				PRODUCT_NAME = "$(TARGET_NAME)";
				SWIFT_VERSION = 4.0;
				TARGETED_DEVICE_FAMILY = "1,2";
				TEST_HOST = "$(BUILT_PRODUCTS_DIR)/ViperWeather.app/ViperWeather";
			};
			name = Debug;
		};
		F18499B82083F9020098822C /* Release */ = {
			isa = XCBuildConfiguration;
			buildSettings = {
				ALWAYS_EMBED_SWIFT_STANDARD_LIBRARIES = YES;
				BUNDLE_LOADER = "$(TEST_HOST)";
				CODE_SIGN_STYLE = Automatic;
				DEVELOPMENT_TEAM = 27QRRWZMS6;
				INFOPLIST_FILE = ViperWeatherTests/Info.plist;
				LD_RUNPATH_SEARCH_PATHS = (
					"$(inherited)",
					"@executable_path/Frameworks",
					"@loader_path/Frameworks",
				);
				PRODUCT_BUNDLE_IDENTIFIER = com.vjosullivan.ViperWeatherTests;
				PRODUCT_NAME = "$(TARGET_NAME)";
				SWIFT_VERSION = 4.0;
				TARGETED_DEVICE_FAMILY = "1,2";
				TEST_HOST = "$(BUILT_PRODUCTS_DIR)/ViperWeather.app/ViperWeather";
			};
			name = Release;
		};
/* End XCBuildConfiguration section */

/* Begin XCConfigurationList section */
		F18499912083F9000098822C /* Build configuration list for PBXProject "ViperWeather" */ = {
			isa = XCConfigurationList;
			buildConfigurations = (
				F18499B12083F9020098822C /* Debug */,
				F18499B22083F9020098822C /* Release */,
			);
			defaultConfigurationIsVisible = 0;
			defaultConfigurationName = Release;
		};
		F18499B32083F9020098822C /* Build configuration list for PBXNativeTarget "ViperWeather" */ = {
			isa = XCConfigurationList;
			buildConfigurations = (
				F18499B42083F9020098822C /* Debug */,
				F18499B52083F9020098822C /* Release */,
			);
			defaultConfigurationIsVisible = 0;
			defaultConfigurationName = Release;
		};
		F18499B62083F9020098822C /* Build configuration list for PBXNativeTarget "ViperWeatherTests" */ = {
			isa = XCConfigurationList;
			buildConfigurations = (
				F18499B72083F9020098822C /* Debug */,
				F18499B82083F9020098822C /* Release */,
			);
			defaultConfigurationIsVisible = 0;
			defaultConfigurationName = Release;
		};
/* End XCConfigurationList section */
	};
	rootObject = F184998E2083F9000098822C /* Project object */;
}
