// !$*UTF8*$!
{
	archiveVersion = 1;
	classes = {
	};
	objectVersion = 50;
	objects = {

/* Begin PBXBuildFile section */
		F184999A2083F9010098822C /* AppDelegate.swift in Sources */ = {isa = PBXBuildFile; fileRef = F18499992083F9010098822C /* AppDelegate.swift */; };
		F184999C2083F9010098822C /* ViewController.swift in Sources */ = {isa = PBXBuildFile; fileRef = F184999B2083F9010098822C /* ViewController.swift */; };
		F184999F2083F9010098822C /* Main.storyboard in Resources */ = {isa = PBXBuildFile; fileRef = F184999D2083F9010098822C /* Main.storyboard */; };
		F18499A12083F9020098822C /* Assets.xcassets in Resources */ = {isa = PBXBuildFile; fileRef = F18499A02083F9020098822C /* Assets.xcassets */; };
		F18499A42083F9020098822C /* LaunchScreen.storyboard in Resources */ = {isa = PBXBuildFile; fileRef = F18499A22083F9020098822C /* LaunchScreen.storyboard */; };
		F18499AF2083F9020098822C /* ViperWeatherTests.swift in Sources */ = {isa = PBXBuildFile; fileRef = F18499AE2083F9020098822C /* ViperWeatherTests.swift */; };
/* End PBXBuildFile section */

/* Begin PBXContainerItemProxy section */
		F18499AB2083F9020098822C /* PBXContainerItemProxy */ = {
			isa = PBXContainerItemProxy;
			containerPortal = F184998E2083F9000098822C /* Project object */;
			proxyType = 1;
			remoteGlobalIDString = F18499952083F9010098822C;
			remoteInfo = ViperWeather;
		};
/* End PBXContainerItemProxy section */

/* Begin PBXFileReference section */
		F18499962083F9010098822C /* ViperWeather.app */ = {isa = PBXFileReference; explicitFileType = wrapper.application; includeInIndex = 0; path = ViperWeather.app; sourceTree = BUILT_PRODUCTS_DIR; };
		F18499992083F9010098822C /* AppDelegate.swift */ = {isa = PBXFileReference; lastKnownFileType = sourcecode.swift; path = AppDelegate.swift; sourceTree = "<group>"; };
		F184999B2083F9010098822C /* ViewController.swift */ = {isa = PBXFileReference; lastKnownFileType = sourcecode.swift; path = ViewController.swift; sourceTree = "<group>"; };
		F184999E2083F9010098822C /* Base */ = {isa = PBXFileReference; lastKnownFileType = file.storyboard; name = Base; path = Base.lproj/Main.storyboard; sourceTree = "<group>"; };
		F18499A02083F9020098822C /* Assets.xcassets */ = {isa = PBXFileReference; lastKnownFileType = folder.assetcatalog; path = Assets.xcassets; sourceTree = "<group>"; };
		F18499A32083F9020098822C /* Base */ = {isa = PBXFileReference; lastKnownFileType = file.storyboard; name = Base; path = Base.lproj/LaunchScreen.storyboard; sourceTree = "<group>"; };
		F18499A52083F9020098822C /* Info.plist */ = {isa = PBXFileReference; lastKnownFileType = text.plist.xml; path = Info.plist; sourceTree = "<group>"; };
		F18499AA2083F9020098822C /* ViperWeatherTests.xctest */ = {isa = PBXFileReference; explicitFileType = wrapper.cfbundle; includeInIndex = 0; path = ViperWeatherTests.xctest; sourceTree = BUILT_PRODUCTS_DIR; };
		F18499AE2083F9020098822C /* ViperWeatherTests.swift */ = {isa = PBXFileReference; lastKnownFileType = sourcecode.swift; path = ViperWeatherTests.swift; sourceTree = "<group>"; };
		F18499B02083F9020098822C /* Info.plist */ = {isa = PBXFileReference; lastKnownFileType = text.plist.xml; path = Info.plist; sourceTree = "<group>"; };
/* End PBXFileReference section */

/* Begin PBXFrameworksBuildPhase section */
		F18499932083F9010098822C /* Frameworks */ = {
			isa = PBXFrameworksBuildPhase;
			buildActionMask = 2147483647;
			files = (
			);
			runOnlyForDeploymentPostprocessing = 0;
		};
		F18499A72083F9020098822C /* Frameworks */ = {
			isa = PBXFrameworksBuildPhase;
			buildActionMask = 2147483647;
			files = (
			);
			runOnlyForDeploymentPostprocessing = 0;
		};
/* End PBXFrameworksBuildPhase section */

/* Begin PBXGroup section */
		F184998D2083F9000098822C = {
			isa = PBXGroup;
			children = (
				F18499982083F9010098822C /* ViperWeather */,
				F18499AD2083F9020098822C /* ViperWeatherTests */,
				F18499972083F9010098822C /* Products */,
			);
			sourceTree = "<group>";
		};
		F18499972083F9010098822C /* Products */ = {
			isa = PBXGroup;
			children = (
				F18499962083F9010098822C /* ViperWeather.app */,
				F18499AA2083F9020098822C /* ViperWeatherTests.xctest */,
			);
			name = Products;
			sourceTree = "<group>";
		};
		F18499982083F9010098822C /* ViperWeather */ = {
			isa = PBXGroup;
			children = (
				F18499992083F9010098822C /* AppDelegate.swift */,
				F184999B2083F9010098822C /* ViewController.swift */,
				F184999D2083F9010098822C /* Main.storyboard */,
				F18499A02083F9020098822C /* Assets.xcassets */,
				F18499A22083F9020098822C /* LaunchScreen.storyboard */,
				F18499A52083F9020098822C /* Info.plist */,
			);
			path = ViperWeather;
			sourceTree = "<group>";
		};
		F18499AD2083F9020098822C /* ViperWeatherTests */ = {
			isa = PBXGroup;
			children = (
				F18499AE2083F9020098822C /* ViperWeatherTests.swift */,
				F18499B02083F9020098822C /* Info.plist */,
			);
			path = ViperWeatherTests;
			sourceTree = "<group>";
		};
/* End PBXGroup section */

/* Begin PBXNativeTarget section */
		F18499952083F9010098822C /* ViperWeather */ = {
			isa = PBXNativeTarget;
			buildConfigurationList = F18499B32083F9020098822C /* Build configuration list for PBXNativeTarget "ViperWeather" */;
			buildPhases = (
				F18499922083F9010098822C /* Sources */,
				F18499932083F9010098822C /* Frameworks */,
				F18499942083F9010098822C /* Resources */,
			);
			buildRules = (
			);
			dependencies = (
			);
			name = ViperWeather;
			productName = ViperWeather;
			productReference = F18499962083F9010098822C /* ViperWeather.app */;
			productType = "com.apple.product-type.application";
		};
		F18499A92083F9020098822C /* ViperWeatherTests */ = {
			isa = PBXNativeTarget;
			buildConfigurationList = F18499B62083F9020098822C /* Build configuration list for PBXNativeTarget "ViperWeatherTests" */;
			buildPhases = (
				F18499A62083F9020098822C /* Sources */,
				F18499A72083F9020098822C /* Frameworks */,
				F18499A82083F9020098822C /* Resources */,
			);
			buildRules = (
			);
			dependencies = (
				F18499AC2083F9020098822C /* PBXTargetDependency */,
			);
			name = ViperWeatherTests;
			productName = ViperWeatherTests;
			productReference = F18499AA2083F9020098822C /* ViperWeatherTests.xctest */;
			productType = "com.apple.product-type.bundle.unit-test";
		};
/* End PBXNativeTarget section */

/* Begin PBXProject section */
		F184998E2083F9000098822C /* Project object */ = {
			isa = PBXProject;
			attributes = {
				LastSwiftUpdateCheck = 0930;
				LastUpgradeCheck = 0930;
				ORGANIZATIONNAME = "Vincent O'Sullivan";
				TargetAttributes = {
					F18499952083F9010098822C = {
						CreatedOnToolsVersion = 9.3;
					};
					F18499A92083F9020098822C = {
						CreatedOnToolsVersion = 9.3;
						TestTargetID = F18499952083F9010098822C;
					};
				};
			};
			buildConfigurationList = F18499912083F9000098822C /* Build configuration list for PBXProject "ViperWeather" */;
			compatibilityVersion = "Xcode 9.3";
			developmentRegion = en;
			hasScannedForEncodings = 0;
			knownRegions = (
				en,
				Base,
			);
			mainGroup = F184998D2083F9000098822C;
			productRefGroup = F18499972083F9010098822C /* Products */;
			projectDirPath = "";
			projectRoot = "";
			targets = (
				F18499952083F9010098822C /* ViperWeather */,
				F18499A92083F9020098822C /* ViperWeatherTests */,
			);
		};
/* End PBXProject section */

/* Begin PBXResourcesBuildPhase section */
		F18499942083F9010098822C /* Resources */ = {
			isa = PBXResourcesBuildPhase;
			buildActionMask = 2147483647;
			files = (
				F18499A42083F9020098822C /* LaunchScreen.storyboard in Resources */,
				F18499A12083F9020098822C /* Assets.xcassets in Resources */,
				F184999F2083F9010098822C /* Main.storyboard in Resources */,
			);
			runOnlyForDeploymentPostprocessing = 0;
		};
		F18499A82083F9020098822C /* Resources */ = {
			isa = PBXResourcesBuildPhase;
			buildActionMask = 2147483647;
			files = (
			);
			runOnlyForDeploymentPostprocessing = 0;
		};
/* End PBXResourcesBuildPhase section */

/* Begin PBXSourcesBuildPhase section */
		F18499922083F9010098822C /* Sources */ = {
			isa = PBXSourcesBuildPhase;
			buildActionMask = 2147483647;
			files = (
				F184999C2083F9010098822C /* ViewController.swift in Sources */,
				F184999A2083F9010098822C /* AppDelegate.swift in Sources */,
			);
			runOnlyForDeploymentPostprocessing = 0;
		};
		F18499A62083F9020098822C /* Sources */ = {
			isa = PBXSourcesBuildPhase;
			buildActionMask = 2147483647;
			files = (
				F18499AF2083F9020098822C /* ViperWeatherTests.swift in Sources */,
			);
			runOnlyForDeploymentPostprocessing = 0;
		};
/* End PBXSourcesBuildPhase section */

/* Begin PBXTargetDependency section */
		F18499AC2083F9020098822C /* PBXTargetDependency */ = {
			isa = PBXTargetDependency;
			target = F18499952083F9010098822C /* ViperWeather */;
			targetProxy = F18499AB2083F9020098822C /* PBXContainerItemProxy */;
		};
/* End PBXTargetDependency section */

/* Begin PBXVariantGroup section */
		F184999D2083F9010098822C /* Main.storyboard */ = {
			isa = PBXVariantGroup;
			children = (
				F184999E2083F9010098822C /* Base */,
			);
			name = Main.storyboard;
			sourceTree = "<group>";
		};
		F18499A22083F9020098822C /* LaunchScreen.storyboard */ = {
			isa = PBXVariantGroup;
			children = (
				F18499A32083F9020098822C /* Base */,
			);
			name = LaunchScreen.storyboard;
			sourceTree = "<group>";
		};
/* End PBXVariantGroup section */

/* Begin XCBuildConfiguration section */
		F18499B12083F9020098822C /* Debug */ = {
			isa = XCBuildConfiguration;
			buildSettings = {
				ALWAYS_SEARCH_USER_PATHS = NO;
				CLANG_ANALYZER_NONNULL = YES;
				CLANG_ANALYZER_NUMBER_OBJECT_CONVERSION = YES_AGGRESSIVE;
				CLANG_CXX_LANGUAGE_STANDARD = "gnu++14";
				CLANG_CXX_LIBRARY = "libc++";
				CLANG_ENABLE_MODULES = YES;
				CLANG_ENABLE_OBJC_ARC = YES;
				CLANG_ENABLE_OBJC_WEAK = YES;
				CLANG_WARN_BLOCK_CAPTURE_AUTORELEASING = YES;
				CLANG_WARN_BOOL_CONVERSION = YES;
				CLANG_WARN_COMMA = YES;
				CLANG_WARN_CONSTANT_CONVERSION = YES;
				CLANG_WARN_DEPRECATED_OBJC_IMPLEMENTATIONS = YES;
				CLANG_WARN_DIRECT_OBJC_ISA_USAGE = YES_ERROR;
				CLANG_WARN_DOCUMENTATION_COMMENTS = YES;
				CLANG_WARN_EMPTY_BODY = YES;
				CLANG_WARN_ENUM_CONVERSION = YES;
				CLANG_WARN_INFINITE_RECURSION = YES;
				CLANG_WARN_INT_CONVERSION = YES;
				CLANG_WARN_NON_LITERAL_NULL_CONVERSION = YES;
				CLANG_WARN_OBJC_IMPLICIT_RETAIN_SELF = YES;
				CLANG_WARN_OBJC_LITERAL_CONVERSION = YES;
				CLANG_WARN_OBJC_ROOT_CLASS = YES_ERROR;
				CLANG_WARN_RANGE_LOOP_ANALYSIS = YES;
				CLANG_WARN_STRICT_PROTOTYPES = YES;
				CLANG_WARN_SUSPICIOUS_MOVE = YES;
				CLANG_WARN_UNGUARDED_AVAILABILITY = YES_AGGRESSIVE;
				CLANG_WARN_UNREACHABLE_CODE = YES;
				CLANG_WARN__DUPLICATE_METHOD_MATCH = YES;
				CODE_SIGN_IDENTITY = "iPhone Developer";
				COPY_PHASE_STRIP = NO;
				DEBUG_INFORMATION_FORMAT = dwarf;
				ENABLE_STRICT_OBJC_MSGSEND = YES;
				ENABLE_TESTABILITY = YES;
				GCC_C_LANGUAGE_STANDARD = gnu11;
				GCC_DYNAMIC_NO_PIC = NO;
				GCC_NO_COMMON_BLOCKS = YES;
				GCC_OPTIMIZATION_LEVEL = 0;
				GCC_PREPROCESSOR_DEFINITIONS = (
					"DEBUG=1",
					"$(inherited)",
				);
				GCC_WARN_64_TO_32_BIT_CONVERSION = YES;
				GCC_WARN_ABOUT_RETURN_TYPE = YES_ERROR;
				GCC_WARN_UNDECLARED_SELECTOR = YES;
				GCC_WARN_UNINITIALIZED_AUTOS = YES_AGGRESSIVE;
				GCC_WARN_UNUSED_FUNCTION = YES;
				GCC_WARN_UNUSED_VARIABLE = YES;
				IPHONEOS_DEPLOYMENT_TARGET = 11.3;
				MTL_ENABLE_DEBUG_INFO = YES;
				ONLY_ACTIVE_ARCH = YES;
				SDKROOT = iphoneos;
				SWIFT_ACTIVE_COMPILATION_CONDITIONS = DEBUG;
				SWIFT_OPTIMIZATION_LEVEL = "-Onone";
			};
			name = Debug;
		};
		F18499B22083F9020098822C /* Release */ = {
			isa = XCBuildConfiguration;
			buildSettings = {
				ALWAYS_SEARCH_USER_PATHS = NO;
				CLANG_ANALYZER_NONNULL = YES;
				CLANG_ANALYZER_NUMBER_OBJECT_CONVERSION = YES_AGGRESSIVE;
				CLANG_CXX_LANGUAGE_STANDARD = "gnu++14";
				CLANG_CXX_LIBRARY = "libc++";
				CLANG_ENABLE_MODULES = YES;
				CLANG_ENABLE_OBJC_ARC = YES;
				CLANG_ENABLE_OBJC_WEAK = YES;
				CLANG_WARN_BLOCK_CAPTURE_AUTORELEASING = YES;
				CLANG_WARN_BOOL_CONVERSION = YES;
				CLANG_WARN_COMMA = YES;
				CLANG_WARN_CONSTANT_CONVERSION = YES;
				CLANG_WARN_DEPRECATED_OBJC_IMPLEMENTATIONS = YES;
				CLANG_WARN_DIRECT_OBJC_ISA_USAGE = YES_ERROR;
				CLANG_WARN_DOCUMENTATION_COMMENTS = YES;
				CLANG_WARN_EMPTY_BODY = YES;
				CLANG_WARN_ENUM_CONVERSION = YES;
				CLANG_WARN_INFINITE_RECURSION = YES;
				CLANG_WARN_INT_CONVERSION = YES;
				CLANG_WARN_NON_LITERAL_NULL_CONVERSION = YES;
				CLANG_WARN_OBJC_IMPLICIT_RETAIN_SELF = YES;
				CLANG_WARN_OBJC_LITERAL_CONVERSION = YES;
				CLANG_WARN_OBJC_ROOT_CLASS = YES_ERROR;
				CLANG_WARN_RANGE_LOOP_ANALYSIS = YES;
				CLANG_WARN_STRICT_PROTOTYPES = YES;
				CLANG_WARN_SUSPICIOUS_MOVE = YES;
				CLANG_WARN_UNGUARDED_AVAILABILITY = YES_AGGRESSIVE;
				CLANG_WARN_UNREACHABLE_CODE = YES;
				CLANG_WARN__DUPLICATE_METHOD_MATCH = YES;
				CODE_SIGN_IDENTITY = "iPhone Developer";
				COPY_PHASE_STRIP = NO;
				DEBUG_INFORMATION_FORMAT = "dwarf-with-dsym";
				ENABLE_NS_ASSERTIONS = NO;
				ENABLE_STRICT_OBJC_MSGSEND = YES;
				GCC_C_LANGUAGE_STANDARD = gnu11;
				GCC_NO_COMMON_BLOCKS = YES;
				GCC_WARN_64_TO_32_BIT_CONVERSION = YES;
				GCC_WARN_ABOUT_RETURN_TYPE = YES_ERROR;
				GCC_WARN_UNDECLARED_SELECTOR = YES;
				GCC_WARN_UNINITIALIZED_AUTOS = YES_AGGRESSIVE;
				GCC_WARN_UNUSED_FUNCTION = YES;
				GCC_WARN_UNUSED_VARIABLE = YES;
				IPHONEOS_DEPLOYMENT_TARGET = 11.3;
				MTL_ENABLE_DEBUG_INFO = NO;
				SDKROOT = iphoneos;
				SWIFT_COMPILATION_MODE = wholemodule;
				SWIFT_OPTIMIZATION_LEVEL = "-O";
				VALIDATE_PRODUCT = YES;
			};
			name = Release;
		};
		F18499B42083F9020098822C /* Debug */ = {
			isa = XCBuildConfiguration;
			buildSettings = {
				ASSETCATALOG_COMPILER_APPICON_NAME = AppIcon;
				CODE_SIGN_STYLE = Automatic;
				DEVELOPMENT_TEAM = 27QRRWZMS6;
				INFOPLIST_FILE = ViperWeather/Info.plist;
				LD_RUNPATH_SEARCH_PATHS = (
					"$(inherited)",
					"@executable_path/Frameworks",
				);
				PRODUCT_BUNDLE_IDENTIFIER = com.vjosullivan.ViperWeather;
				PRODUCT_NAME = "$(TARGET_NAME)";
				SWIFT_VERSION = 4.0;
				TARGETED_DEVICE_FAMILY = "1,2";
			};
			name = Debug;
		};
		F18499B52083F9020098822C /* Release */ = {
			isa = XCBuildConfiguration;
			buildSettings = {
				ASSETCATALOG_COMPILER_APPICON_NAME = AppIcon;
				CODE_SIGN_STYLE = Automatic;
				DEVELOPMENT_TEAM = 27QRRWZMS6;
				INFOPLIST_FILE = ViperWeather/Info.plist;
				LD_RUNPATH_SEARCH_PATHS = (
					"$(inherited)",
					"@executable_path/Frameworks",
				);
				PRODUCT_BUNDLE_IDENTIFIER = com.vjosullivan.ViperWeather;
				PRODUCT_NAME = "$(TARGET_NAME)";
				SWIFT_VERSION = 4.0;
				TARGETED_DEVICE_FAMILY = "1,2";
			};
			name = Release;
		};
		F18499B72083F9020098822C /* Debug */ = {
			isa = XCBuildConfiguration;
			buildSettings = {
				ALWAYS_EMBED_SWIFT_STANDARD_LIBRARIES = YES;
				BUNDLE_LOADER = "$(TEST_HOST)";
				CODE_SIGN_STYLE = Automatic;
				DEVELOPMENT_TEAM = 27QRRWZMS6;
				INFOPLIST_FILE = ViperWeatherTests/Info.plist;
				LD_RUNPATH_SEARCH_PATHS = (
					"$(inherited)",
					"@executable_path/Frameworks",
					"@loader_path/Frameworks",
				);
				PRODUCT_BUNDLE_IDENTIFIER = com.vjosullivan.ViperWeatherTests;
				PRODUCT_NAME = "$(TARGET_NAME)";
				SWIFT_VERSION = 4.0;
				TARGETED_DEVICE_FAMILY = "1,2";
				TEST_HOST = "$(BUILT_PRODUCTS_DIR)/ViperWeather.app/ViperWeather";
			};
			name = Debug;
		};
		F18499B82083F9020098822C /* Release */ = {
			isa = XCBuildConfiguration;
			buildSettings = {
				ALWAYS_EMBED_SWIFT_STANDARD_LIBRARIES = YES;
				BUNDLE_LOADER = "$(TEST_HOST)";
				CODE_SIGN_STYLE = Automatic;
				DEVELOPMENT_TEAM = 27QRRWZMS6;
				INFOPLIST_FILE = ViperWeatherTests/Info.plist;
				LD_RUNPATH_SEARCH_PATHS = (
					"$(inherited)",
					"@executable_path/Frameworks",
					"@loader_path/Frameworks",
				);
				PRODUCT_BUNDLE_IDENTIFIER = com.vjosullivan.ViperWeatherTests;
				PRODUCT_NAME = "$(TARGET_NAME)";
				SWIFT_VERSION = 4.0;
				TARGETED_DEVICE_FAMILY = "1,2";
				TEST_HOST = "$(BUILT_PRODUCTS_DIR)/ViperWeather.app/ViperWeather";
			};
			name = Release;
		};
/* End XCBuildConfiguration section */

/* Begin XCConfigurationList section */
		F18499912083F9000098822C /* Build configuration list for PBXProject "ViperWeather" */ = {
			isa = XCConfigurationList;
			buildConfigurations = (
				F18499B12083F9020098822C /* Debug */,
				F18499B22083F9020098822C /* Release */,
			);
			defaultConfigurationIsVisible = 0;
			defaultConfigurationName = Release;
		};
		F18499B32083F9020098822C /* Build configuration list for PBXNativeTarget "ViperWeather" */ = {
			isa = XCConfigurationList;
			buildConfigurations = (
				F18499B42083F9020098822C /* Debug */,
				F18499B52083F9020098822C /* Release */,
			);
			defaultConfigurationIsVisible = 0;
			defaultConfigurationName = Release;
		};
		F18499B62083F9020098822C /* Build configuration list for PBXNativeTarget "ViperWeatherTests" */ = {
			isa = XCConfigurationList;
			buildConfigurations = (
				F18499B72083F9020098822C /* Debug */,
				F18499B82083F9020098822C /* Release */,
			);
			defaultConfigurationIsVisible = 0;
			defaultConfigurationName = Release;
		};
/* End XCConfigurationList section */
	};
	rootObject = F184998E2083F9000098822C /* Project object */;
}
